# This file is autogenerated, do not edit; changes may be undone by the next 'dep ensure'.


[[projects]]
  digest = "1:56c130d885a4aacae1dd9c7b71cfe39912c7ebc1ff7d2b46083c8812996dc43b"
  name = "github.com/davecgh/go-spew"
  packages = ["spew"]
  pruneopts = ""
  revision = "346938d642f2ec3594ed81d874461961cd0faa76"
  version = "v1.1.0"

[[projects]]
  digest = "1:b13707423743d41665fd23f0c36b2f37bb49c30e94adb813319c44188a51ba22"
  name = "github.com/ghodss/yaml"
  packages = ["."]
  pruneopts = ""
  revision = "0ca9ea5df5451ffdf184b4428c902747c2c11cd7"
  version = "v1.0.0"

[[projects]]
  branch = "master"
  digest = "1:c1e35087694b689ce1cf4f4277612b6ac0b55725fa791271ae0e3ddcd1cc0c7b"
  name = "github.com/globalsign/mgo"
  packages = [
    ".",
    "bson",
    "internal/json",
    "internal/sasl",
    "internal/scram",
  ]
  pruneopts = ""
  revision = "113d3961e7311526535a1ef7042196563d442761"

[[projects]]
  digest = "1:6e73003ecd35f4487a5e88270d3ca0a81bc80dc88053ac7e4dcfec5fba30d918"
  name = "github.com/gogo/protobuf"
  packages = [
    "proto",
    "sortkeys",
  ]
  pruneopts = ""
  revision = "636bf0302bc95575d69441b25a2603156ffdddf1"
  version = "v1.1.1"

[[projects]]
  branch = "master"
  digest = "1:107b233e45174dbab5b1324201d092ea9448e58243ab9f039e4c0f332e121e3a"
  name = "github.com/golang/glog"
  packages = ["."]
  pruneopts = ""
  revision = "23def4e6c14b4da8ac2ed8007337bc5eb5007998"

[[projects]]
  digest = "1:f958a1c137db276e52f0b50efee41a1a389dcdded59a69711f3e872757dab34b"
  name = "github.com/golang/protobuf"
  packages = [
    "proto",
    "ptypes",
    "ptypes/any",
    "ptypes/duration",
    "ptypes/timestamp",
  ]
  pruneopts = ""
  revision = "b4deda0973fb4c70b50d226b1af49f3da59f5265"
  version = "v1.1.0"

[[projects]]
  branch = "master"
  digest = "1:754f77e9c839b24778a4b64422236d38515301d2baeb63113aa3edc42e6af692"
  name = "github.com/google/gofuzz"
  packages = ["."]
  pruneopts = ""
  revision = "24818f796faf91cd76ec7bddd72458fbced7a6c1"

[[projects]]
  digest = "1:16b2837c8b3cf045fa2cdc82af0cf78b19582701394484ae76b2c3bc3c99ad73"
  name = "github.com/googleapis/gnostic"
  packages = [
    "OpenAPIv2",
    "compiler",
    "extensions",
  ]
  pruneopts = ""
  revision = "7c663266750e7d82587642f65e60bc4083f1f84e"
  version = "v0.2.0"

[[projects]]
  branch = "master"
  digest = "1:9c776d7d9c54b7ed89f119e449983c3f24c0023e75001d6092442412ebca6b94"
  name = "github.com/hashicorp/golang-lru"
  packages = [
    ".",
    "simplelru",
  ]
  pruneopts = ""
  revision = "0fb14efe8c47ae851c0034ed7a448854d3d34cf3"

[[projects]]
  branch = "master"
  digest = "1:f81c8d7354cc0c6340f2f7a48724ee6c2b3db3e918ecd441c985b4d2d97dd3e7"
  name = "github.com/howeyc/gopass"
  packages = ["."]
  pruneopts = ""
  revision = "bf9dde6d0d2c004a008c27aaee91170c786f6db8"

[[projects]]
  digest = "1:7ab38c15bd21e056e3115c8b526d201eaf74e0308da9370997c6b3c187115d36"
  name = "github.com/imdario/mergo"
  packages = ["."]
  pruneopts = ""
  revision = "9f23e2d6bd2a77f959b2bf6acdbefd708a83a4a4"
  version = "v0.3.6"

[[projects]]
  digest = "1:53ac4e911e12dde0ab68655e2006449d207a5a681f084974da2b06e5dbeaca72"
  name = "github.com/json-iterator/go"
  packages = ["."]
  pruneopts = ""
  revision = "ab8a2e0c74be9d3be70b3184d9acc634935ded82"
  version = "1.1.4"

[[projects]]
  digest = "1:0c0ff2a89c1bb0d01887e1dac043ad7efbf3ec77482ef058ac423d13497e16fd"
  name = "github.com/modern-go/concurrent"
  packages = ["."]
  pruneopts = ""
  revision = "bacd9c7ef1dd9b15be4a9909b8ac7a4e313eec94"
  version = "1.0.3"

[[projects]]
  digest = "1:e32bdbdb7c377a07a9a46378290059822efdce5c8d96fe71940d87cb4f918855"
  name = "github.com/modern-go/reflect2"
  packages = ["."]
  pruneopts = ""
  revision = "4b7aa43c6742a2c18fdef89dd197aaae7dac7ccd"
  version = "1.0.1"

[[projects]]
  digest = "1:8e243c568f36b09031ec18dff5f7d2769dcf5ca4d624ea511c8e3197dc3d352d"
  name = "github.com/spf13/pflag"
  packages = ["."]
  pruneopts = ""
  revision = "583c0c0531f06d5278b7d917446061adc344b5cd"
  version = "v1.0.1"

[[projects]]
  branch = "master"
  digest = "1:6acb37854006d86279ba349ff9ae07103a0956569d0eb8dca9fe38732222e3a5"
  name = "golang.org/x/crypto"
  packages = ["ssh/terminal"]
  pruneopts = ""
  revision = "56440b844dfe139a8ac053f4ecac0b20b79058f4"

[[projects]]
  branch = "master"
  digest = "1:b970d5e8b11b4c8927a06298566eb8daf66a009702688b4142cc2a961e374e91"
  name = "golang.org/x/net"
  packages = [
    "context",
    "http/httpguts",
    "http2",
    "http2/hpack",
    "idna",
  ]
  pruneopts = ""
  revision = "f4c29de78a2a91c00474a2e689954305c350adf9"

[[projects]]
  branch = "master"
  digest = "1:9ca540a348c8f7bc0eb140238fe1639beebe93f2b19ef326c455f4833ba708c0"
  name = "golang.org/x/sys"
  packages = [
    "unix",
    "windows",
  ]
  pruneopts = ""
  revision = "0ffbfd41fbef8ffcf9b62b0b0aa3a5873ed7a4fe"

[[projects]]
  digest = "1:5acd3512b047305d49e8763eef7ba423901e85d5dd2fd1e71778a0ea8de10bd4"
  name = "golang.org/x/text"
  packages = [
    "collate",
    "collate/build",
    "internal/colltab",
    "internal/gen",
    "internal/tag",
    "internal/triegen",
    "internal/ucd",
    "language",
    "secure/bidirule",
    "transform",
    "unicode/bidi",
    "unicode/cldr",
    "unicode/norm",
    "unicode/rangetable",
  ]
  pruneopts = ""
  revision = "f21a4dfb5e38f5895301dc265a8def02365cc3d0"
  version = "v0.3.0"

[[projects]]
  branch = "master"
  digest = "1:55a681cb66f28755765fa5fa5104cbd8dc85c55c02d206f9f89566451e3fe1aa"
  name = "golang.org/x/time"
  packages = ["rate"]
  pruneopts = ""
  revision = "fbb02b2291d28baffd63558aa44b4b56f178d650"

[[projects]]
  digest = "1:75fb3fcfc73a8c723efde7777b40e8e8ff9babf30d8c56160d01beffea8a95a6"
  name = "gopkg.in/inf.v0"
  packages = ["."]
  pruneopts = ""
  revision = "d2d2541c53f18d2a059457998ce2876cc8e67cbf"
  version = "v0.9.1"

[[projects]]
  digest = "1:f0620375dd1f6251d9973b5f2596228cc8042e887cd7f827e4220bc1ce8c30e2"
  name = "gopkg.in/yaml.v2"
  packages = ["."]
  pruneopts = ""
  revision = "5420a8b6744d3b0345ab293f6fcba19c978f1183"
  version = "v2.2.1"

[[projects]]
  branch = "master"
  digest = "1:335121b262b6e00244dccaf4c1c565284ca259fdc98a7ce42e34ad74fd3950cd"
  name = "k8s.io/api"
  packages = [
    "admissionregistration/v1alpha1",
    "admissionregistration/v1beta1",
    "apps/v1",
    "apps/v1beta1",
    "apps/v1beta2",
    "authentication/v1",
    "authentication/v1beta1",
    "authorization/v1",
    "authorization/v1beta1",
    "autoscaling/v1",
    "autoscaling/v2beta1",
    "batch/v1",
    "batch/v1beta1",
    "batch/v2alpha1",
    "certificates/v1beta1",
    "core/v1",
    "events/v1beta1",
    "extensions/v1beta1",
    "networking/v1",
    "policy/v1beta1",
    "rbac/v1",
    "rbac/v1alpha1",
    "rbac/v1beta1",
    "scheduling/v1alpha1",
    "settings/v1alpha1",
    "storage/v1",
    "storage/v1alpha1",
    "storage/v1beta1",
  ]
  pruneopts = ""
  revision = "7c111c89a854dfd8ba47d0bfdbe352bc85951011"

[[projects]]
  digest = "1:9b07c796baf391a2dfa8c64bd5ddc28cbeb00723389f2f3da2e3d09b961f2e31"
  name = "k8s.io/apimachinery"
  packages = [
    "pkg/api/errors",
    "pkg/api/meta",
    "pkg/api/resource",
    "pkg/apis/meta/internalversion",
    "pkg/apis/meta/v1",
    "pkg/apis/meta/v1/unstructured",
    "pkg/apis/meta/v1beta1",
    "pkg/conversion",
    "pkg/conversion/queryparams",
    "pkg/fields",
    "pkg/labels",
    "pkg/runtime",
    "pkg/runtime/schema",
    "pkg/runtime/serializer",
    "pkg/runtime/serializer/json",
    "pkg/runtime/serializer/protobuf",
    "pkg/runtime/serializer/recognizer",
    "pkg/runtime/serializer/streaming",
    "pkg/runtime/serializer/versioning",
    "pkg/selection",
    "pkg/types",
    "pkg/util/cache",
    "pkg/util/clock",
    "pkg/util/diff",
    "pkg/util/errors",
    "pkg/util/framer",
    "pkg/util/intstr",
    "pkg/util/json",
    "pkg/util/net",
    "pkg/util/runtime",
    "pkg/util/sets",
    "pkg/util/validation",
    "pkg/util/validation/field",
    "pkg/util/wait",
    "pkg/util/yaml",
    "pkg/version",
    "pkg/watch",
    "third_party/forked/golang/reflect",
  ]
  pruneopts = ""
  revision = "302974c03f7e50f16561ba237db776ab93594ef6"
  version = "kubernetes-1.10.0"

[[projects]]
  digest = "1:071cc2f032b701b9dba26568e040940f26931a49e3a3985f3375f17f7f6d9c5f"
  name = "k8s.io/client-go"
  packages = [
    "discovery",
    "kubernetes",
    "kubernetes/scheme",
    "kubernetes/typed/admissionregistration/v1alpha1",
    "kubernetes/typed/admissionregistration/v1beta1",
    "kubernetes/typed/apps/v1",
    "kubernetes/typed/apps/v1beta1",
    "kubernetes/typed/apps/v1beta2",
    "kubernetes/typed/authentication/v1",
    "kubernetes/typed/authentication/v1beta1",
    "kubernetes/typed/authorization/v1",
    "kubernetes/typed/authorization/v1beta1",
    "kubernetes/typed/autoscaling/v1",
    "kubernetes/typed/autoscaling/v2beta1",
    "kubernetes/typed/batch/v1",
    "kubernetes/typed/batch/v1beta1",
    "kubernetes/typed/batch/v2alpha1",
    "kubernetes/typed/certificates/v1beta1",
    "kubernetes/typed/core/v1",
    "kubernetes/typed/events/v1beta1",
    "kubernetes/typed/extensions/v1beta1",
    "kubernetes/typed/networking/v1",
    "kubernetes/typed/policy/v1beta1",
    "kubernetes/typed/rbac/v1",
    "kubernetes/typed/rbac/v1alpha1",
    "kubernetes/typed/rbac/v1beta1",
    "kubernetes/typed/scheduling/v1alpha1",
    "kubernetes/typed/settings/v1alpha1",
    "kubernetes/typed/storage/v1",
    "kubernetes/typed/storage/v1alpha1",
    "kubernetes/typed/storage/v1beta1",
    "pkg/apis/clientauthentication",
    "pkg/apis/clientauthentication/v1alpha1",
    "pkg/version",
    "plugin/pkg/client/auth/exec",
    "rest",
    "rest/watch",
    "tools/auth",
    "tools/cache",
    "tools/clientcmd",
    "tools/clientcmd/api",
    "tools/clientcmd/api/latest",
    "tools/clientcmd/api/v1",
    "tools/metrics",
    "tools/pager",
    "tools/reference",
    "transport",
    "util/buffer",
    "util/cert",
    "util/flowcontrol",
    "util/homedir",
    "util/integer",
    "util/retry",
  ]
  pruneopts = ""
  revision = "23781f4d6632d88e869066eaebb743857aa1ef9b"
  version = "v7.0.0"

[solve-meta]
  analyzer-name = "dep"
  analyzer-version = 1
  input-imports = [
    "github.com/globalsign/mgo",
    "k8s.io/api/core/v1",
    "k8s.io/apimachinery/pkg/fields",
    "k8s.io/client-go/kubernetes",
    "k8s.io/client-go/rest",
    "k8s.io/client-go/tools/cache",
    "k8s.io/client-go/tools/clientcmd",
  ]
  solver-name = "gps-cdcl"
  solver-version = 1
